
Microsoft Visual Studio Solution File, Format Version 12.00
# Visual Studio Version 17
VisualStudioVersion = 17.7.33808.371
MinimumVisualStudioVersion = 10.0.40219.1
Project("{9A19103F-16F7-4668-BE54-9A1E7A4F7556}") = "MVVMPracticeMAUI", "MVVMPracticeMAUI\MVVMPracticeMAUI.csproj", "{9CCECF4C-2625-497A-8691-9E2D28F40E9D}"
EndProject
Global
	GlobalSection(SolutionConfigurationPlatforms) = preSolution
		Debug|Any CPU = Debug|Any CPU
		Release|Any CPU = Release|Any CPU
	EndGlobalSection
	GlobalSection(ProjectConfigurationPlatforms) = postSolution
		{9CCECF4C-2625-497A-8691-9E2D28F40E9D}.Debug|Any CPU.ActiveCfg = Debug|Any CPU
		{9CCECF4C-2625-497A-8691-9E2D28F40E9D}.Debug|Any CPU.Build.0 = Debug|Any CPU
		{9CCECF4C-2625-497A-8691-9E2D28F40E9D}.Debug|Any CPU.Deploy.0 = Debug|Any CPU
		{9CCECF4C-2625-497A-8691-9E2D28F40E9D}.Release|Any CPU.ActiveCfg = Release|Any CPU
		{9CCECF4C-2625-497A-8691-9E2D28F40E9D}.Release|Any CPU.Build.0 = Release|Any CPU
		{9CCECF4C-2625-497A-8691-9E2D28F40E9D}.Release|Any CPU.Deploy.0 = Release|Any CPU
	EndGlobalSection
	GlobalSection(SolutionProperties) = preSolution
		HideSolutionNode = FALSE
	EndGlobalSection
	GlobalSection(ExtensibilityGlobals) = postSolution
		SolutionGuid = {E09933A3-852F-4BD9-B36C-6865F896750F}
	EndGlobalSection
EndGlobal
